{
  "name": "platinum-extract",
  "version": "1.0.0",
  "lockfileVersion": 2,
  "requires": true,
  "packages": {
    "": {
      "name": "platinum-extract",
      "version": "1.0.0",
      "license": "ISC",
      "dependencies": {
        "@bokuweb/zstd-wasm": "^0.0.17",
        "@oneidentity/zstd-js": "^1.0.2",
        "encoding-japanese": "^2.0.0",
        "esbuild": "^0.15.10",
        "fs": "^0.0.1-security",
        "ooz-wasm": "^1.0.1",
        "path": "^0.12.7",
        "twgl.js": "^5.3.0"
      },
      "devDependencies": {
        "@types/encoding-japanese": "^2.0.1",
        "esbuild-plugin-wasm": "^1.0.0",
        "typescript": "^4.8.4"
      }
    },
    "node_modules/@bokuweb/zstd-wasm": {
      "version": "0.0.17",
      "resolved": "https://registry.npmjs.org/@bokuweb/zstd-wasm/-/zstd-wasm-0.0.17.tgz",
      "integrity": "sha512-Ov4HQePHwgeVMRh5ub9+Rk2+SuzvAgeq7epWxEtzQ8WnzVyh3bZQQsdz32rKpd3HU3M+iRPip2/naIyDPjPZUQ=="
    },
    "node_modules/@esbuild/android-arm": {
      "version": "0.15.10",
      "resolved": "https://registry.npmjs.org/@esbuild/android-arm/-/android-arm-0.15.10.tgz",
      "integrity": "sha512-FNONeQPy/ox+5NBkcSbYJxoXj9GWu8gVGJTVmUyoOCKQFDTrHVKgNSzChdNt0I8Aj/iKcsDf2r9BFwv+FSNUXg==",
      "cpu": [
        "arm"
      ],
      "optional": true,
      "os": [
        "android"
      ],
      "engines": {
        "node": ">=12"
      }
    },
    "node_modules/@esbuild/linux-loong64": {
      "version": "0.15.10",
      "resolved": "https://registry.npmjs.org/@esbuild/linux-loong64/-/linux-loong64-0.15.10.tgz",
      "integrity": "sha512-w0Ou3Z83LOYEkwaui2M8VwIp+nLi/NA60lBLMvaJ+vXVMcsARYdEzLNE7RSm4+lSg4zq4d7fAVuzk7PNQ5JFgg==",
      "cpu": [
        "loong64"
      ],
      "optional": true,
      "os": [
        "linux"
      ],
      "engines": {
        "node": ">=12"
      }
    },
    "node_modules/@oneidentity/zstd-js": {
      "version": "1.0.2",
      "resolved": "https://registry.npmjs.org/@oneidentity/zstd-js/-/zstd-js-1.0.2.tgz",
      "integrity": "sha512-wfr61n6YIx8jJOqjbJ3CbeJ8JQo7LOHGnJuuruu10SvobuzncKxpRYaI1erQetiUn4fmN7D5m9Zj8aNR6Hl/wA==",
      "dependencies": {
        "@types/emscripten": "^1.39.4"
      }
    },
    "node_modules/@types/emscripten": {
      "version": "1.39.6",
      "resolved": "https://registry.npmjs.org/@types/emscripten/-/emscripten-1.39.6.tgz",
      "integrity": "sha512-H90aoynNhhkQP6DRweEjJp5vfUVdIj7tdPLsu7pq89vODD/lcugKfZOsfgwpvM6XUewEp2N5dCg1Uf3Qe55Dcg=="
    },
    "node_modules/@types/encoding-japanese": {
      "version": "2.0.1",
      "resolved": "https://registry.npmjs.org/@types/encoding-japanese/-/encoding-japanese-2.0.1.tgz",
      "integrity": "sha512-JaCXs2HLniKY8xXeWlg8MAtd4iKhNh8LwutW3yDMWY4usEdTZ2va1x9kd8V3179OAIUTgGQVA63XJrHettpVFQ==",
      "dev": true
    },
    "node_modules/encoding-japanese": {
      "version": "2.0.0",
      "resolved": "https://registry.npmjs.org/encoding-japanese/-/encoding-japanese-2.0.0.tgz",
      "integrity": "sha512-++P0RhebUC8MJAwJOsT93dT+5oc5oPImp1HubZpAuCZ5kTLnhuuBhKHj2jJeO/Gj93idPBWmIuQ9QWMe5rX3pQ==",
      "engines": {
        "node": ">=8.10.0"
      }
    },
    "node_modules/esbuild": {
      "version": "0.15.10",
      "resolved": "https://registry.npmjs.org/esbuild/-/esbuild-0.15.10.tgz",
      "integrity": "sha512-N7wBhfJ/E5fzn/SpNgX+oW2RLRjwaL8Y0ezqNqhjD6w0H2p0rDuEz2FKZqpqLnO8DCaWumKe8dsC/ljvVSSxng==",
      "hasInstallScript": true,
      "bin": {
        "esbuild": "bin/esbuild"
      },
      "engines": {
        "node": ">=12"
      },
      "optionalDependencies": {
        "@esbuild/android-arm": "0.15.10",
        "@esbuild/linux-loong64": "0.15.10",
        "esbuild-android-64": "0.15.10",
        "esbuild-android-arm64": "0.15.10",
        "esbuild-darwin-64": "0.15.10",
        "esbuild-darwin-arm64": "0.15.10",
        "esbuild-freebsd-64": "0.15.10",
        "esbuild-freebsd-arm64": "0.15.10",
        "esbuild-linux-32": "0.15.10",
        "esbuild-linux-64": "0.15.10",
        "esbuild-linux-arm": "0.15.10",
        "esbuild-linux-arm64": "0.15.10",
        "esbuild-linux-mips64le": "0.15.10",
        "esbuild-linux-ppc64le": "0.15.10",
        "esbuild-linux-riscv64": "0.15.10",
        "esbuild-linux-s390x": "0.15.10",
        "esbuild-netbsd-64": "0.15.10",
        "esbuild-openbsd-64": "0.15.10",
        "esbuild-sunos-64": "0.15.10",
        "esbuild-windows-32": "0.15.10",
        "esbuild-windows-64": "0.15.10",
        "esbuild-windows-arm64": "0.15.10"
      }
    },
    "node_modules/esbuild-android-64": {
      "version": "0.15.10",
      "resolved": "https://registry.npmjs.org/esbuild-android-64/-/esbuild-android-64-0.15.10.tgz",
      "integrity": "sha512-UI7krF8OYO1N7JYTgLT9ML5j4+45ra3amLZKx7LO3lmLt1Ibn8t3aZbX5Pu4BjWiqDuJ3m/hsvhPhK/5Y/YpnA==",
      "cpu": [
        "x64"
      ],
      "optional": true,
      "os": [
        "android"
      ],
      "engines": {
        "node": ">=12"
      }
    },
    "node_modules/esbuild-android-arm64": {
      "version": "0.15.10",
      "resolved": "https://registry.npmjs.org/esbuild-android-arm64/-/esbuild-android-arm64-0.15.10.tgz",
      "integrity": "sha512-EOt55D6xBk5O05AK8brXUbZmoFj4chM8u3riGflLa6ziEoVvNjRdD7Cnp82NHQGfSHgYR06XsPI8/sMuA/cUwg==",
      "cpu": [
        "arm64"
      ],
      "optional": true,
      "os": [
        "android"
      ],
      "engines": {
        "node": ">=12"
      }
    },
    "node_modules/esbuild-darwin-64": {
      "version": "0.15.10",
      "resolved": "https://registry.npmjs.org/esbuild-darwin-64/-/esbuild-darwin-64-0.15.10.tgz",
      "integrity": "sha512-hbDJugTicqIm+WKZgp208d7FcXcaK8j2c0l+fqSJ3d2AzQAfjEYDRM3Z2oMeqSJ9uFxyj/muSACLdix7oTstRA==",
      "cpu": [
        "x64"
      ],
      "optional": true,
      "os": [
        "darwin"
      ],
      "engines": {
        "node": ">=12"
      }
    },
    "node_modules/esbuild-darwin-arm64": {
      "version": "0.15.10",
      "resolved": "https://registry.npmjs.org/esbuild-darwin-arm64/-/esbuild-darwin-arm64-0.15.10.tgz",
      "integrity": "sha512-M1t5+Kj4IgSbYmunf2BB6EKLkWUq+XlqaFRiGOk8bmBapu9bCDrxjf4kUnWn59Dka3I27EiuHBKd1rSO4osLFQ==",
      "cpu": [
        "arm64"
      ],
      "optional": true,
      "os": [
        "darwin"
      ],
      "engines": {
        "node": ">=12"
      }
    },
    "node_modules/esbuild-freebsd-64": {
      "version": "0.15.10",
      "resolved": "https://registry.npmjs.org/esbuild-freebsd-64/-/esbuild-freebsd-64-0.15.10.tgz",
      "integrity": "sha512-KMBFMa7C8oc97nqDdoZwtDBX7gfpolkk6Bcmj6YFMrtCMVgoU/x2DI1p74DmYl7CSS6Ppa3xgemrLrr5IjIn0w==",
      "cpu": [
        "x64"
      ],
      "optional": true,
      "os": [
        "freebsd"
      ],
      "engines": {
        "node": ">=12"
      }
    },
    "node_modules/esbuild-freebsd-arm64": {
      "version": "0.15.10",
      "resolved": "https://registry.npmjs.org/esbuild-freebsd-arm64/-/esbuild-freebsd-arm64-0.15.10.tgz",
      "integrity": "sha512-m2KNbuCX13yQqLlbSojFMHpewbn8wW5uDS6DxRpmaZKzyq8Dbsku6hHvh2U+BcLwWY4mpgXzFUoENEf7IcioGg==",
      "cpu": [
        "arm64"
      ],
      "optional": true,
      "os": [
        "freebsd"
      ],
      "engines": {
        "node": ">=12"
      }
    },
    "node_modules/esbuild-linux-32": {
      "version": "0.15.10",
      "resolved": "https://registry.npmjs.org/esbuild-linux-32/-/esbuild-linux-32-0.15.10.tgz",
      "integrity": "sha512-guXrwSYFAvNkuQ39FNeV4sNkNms1bLlA5vF1H0cazZBOLdLFIny6BhT+TUbK/hdByMQhtWQ5jI9VAmPKbVPu1w==",
      "cpu": [
        "ia32"
      ],
      "optional": true,
      "os": [
        "linux"
      ],
      "engines": {
        "node": ">=12"
      }
    },
    "node_modules/esbuild-linux-64": {
      "version": "0.15.10",
      "resolved": "https://registry.npmjs.org/esbuild-linux-64/-/esbuild-linux-64-0.15.10.tgz",
      "integrity": "sha512-jd8XfaSJeucMpD63YNMO1JCrdJhckHWcMv6O233bL4l6ogQKQOxBYSRP/XLWP+6kVTu0obXovuckJDcA0DKtQA==",
      "cpu": [
        "x64"
      ],
      "optional": true,
      "os": [
        "linux"
      ],
      "engines": {
        "node": ">=12"
      }
    },
    "node_modules/esbuild-linux-arm": {
      "version": "0.15.10",
      "resolved": "https://registry.npmjs.org/esbuild-linux-arm/-/esbuild-linux-arm-0.15.10.tgz",
      "integrity": "sha512-6N8vThLL/Lysy9y4Ex8XoLQAlbZKUyExCWyayGi2KgTBelKpPgj6RZnUaKri0dHNPGgReJriKVU6+KDGQwn10A==",
      "cpu": [
        "arm"
      ],
      "optional": true,
      "os": [
        "linux"
      ],
      "engines": {
        "node": ">=12"
      }
    },
    "node_modules/esbuild-linux-arm64": {
      "version": "0.15.10",
      "resolved": "https://registry.npmjs.org/esbuild-linux-arm64/-/esbuild-linux-arm64-0.15.10.tgz",
      "integrity": "sha512-GByBi4fgkvZFTHFDYNftu1DQ1GzR23jws0oWyCfhnI7eMOe+wgwWrc78dbNk709Ivdr/evefm2PJiUBMiusS1A==",
      "cpu": [
        "arm64"
      ],
      "optional": true,
      "os": [
        "linux"
      ],
      "engines": {
        "node": ">=12"
      }
    },
    "node_modules/esbuild-linux-mips64le": {
      "version": "0.15.10",
      "resolved": "https://registry.npmjs.org/esbuild-linux-mips64le/-/esbuild-linux-mips64le-0.15.10.tgz",
      "integrity": "sha512-BxP+LbaGVGIdQNJUNF7qpYjEGWb0YyHVSKqYKrn+pTwH/SiHUxFyJYSP3pqkku61olQiSBnSmWZ+YUpj78Tw7Q==",
      "cpu": [
        "mips64el"
      ],
      "optional": true,
      "os": [
        "linux"
      ],
      "engines": {
        "node": ">=12"
      }
    },
    "node_modules/esbuild-linux-ppc64le": {
      "version": "0.15.10",
      "resolved": "https://registry.npmjs.org/esbuild-linux-ppc64le/-/esbuild-linux-ppc64le-0.15.10.tgz",
      "integrity": "sha512-LoSQCd6498PmninNgqd/BR7z3Bsk/mabImBWuQ4wQgmQEeanzWd5BQU2aNi9mBURCLgyheuZS6Xhrw5luw3OkQ==",
      "cpu": [
        "ppc64"
      ],
      "optional": true,
      "os": [
        "linux"
      ],
      "engines": {
        "node": ">=12"
      }
    },
    "node_modules/esbuild-linux-riscv64": {
      "version": "0.15.10",
      "resolved": "https://registry.npmjs.org/esbuild-linux-riscv64/-/esbuild-linux-riscv64-0.15.10.tgz",
      "integrity": "sha512-Lrl9Cr2YROvPV4wmZ1/g48httE8z/5SCiXIyebiB5N8VT7pX3t6meI7TQVHw/wQpqP/AF4SksDuFImPTM7Z32Q==",
      "cpu": [
        "riscv64"
      ],
      "optional": true,
      "os": [
        "linux"
      ],
      "engines": {
        "node": ">=12"
      }
    },
    "node_modules/esbuild-linux-s390x": {
      "version": "0.15.10",
      "resolved": "https://registry.npmjs.org/esbuild-linux-s390x/-/esbuild-linux-s390x-0.15.10.tgz",
      "integrity": "sha512-ReP+6q3eLVVP2lpRrvl5EodKX7EZ1bS1/z5j6hsluAlZP5aHhk6ghT6Cq3IANvvDdscMMCB4QEbI+AjtvoOFpA==",
      "cpu": [
        "s390x"
      ],
      "optional": true,
      "os": [
        "linux"
      ],
      "engines": {
        "node": ">=12"
      }
    },
    "node_modules/esbuild-netbsd-64": {
      "version": "0.15.10",
      "resolved": "https://registry.npmjs.org/esbuild-netbsd-64/-/esbuild-netbsd-64-0.15.10.tgz",
      "integrity": "sha512-iGDYtJCMCqldMskQ4eIV+QSS/CuT7xyy9i2/FjpKvxAuCzrESZXiA1L64YNj6/afuzfBe9i8m/uDkFHy257hTw==",
      "cpu": [
        "x64"
      ],
      "optional": true,
      "os": [
        "netbsd"
      ],
      "engines": {
        "node": ">=12"
      }
    },
    "node_modules/esbuild-openbsd-64": {
      "version": "0.15.10",
      "resolved": "https://registry.npmjs.org/esbuild-openbsd-64/-/esbuild-openbsd-64-0.15.10.tgz",
      "integrity": "sha512-ftMMIwHWrnrYnvuJQRJs/Smlcb28F9ICGde/P3FUTCgDDM0N7WA0o9uOR38f5Xe2/OhNCgkjNeb7QeaE3cyWkQ==",
      "cpu": [
        "x64"
      ],
      "optional": true,
      "os": [
        "openbsd"
      ],
      "engines": {
        "node": ">=12"
      }
    },
    "node_modules/esbuild-plugin-wasm": {
      "version": "1.0.0",
      "resolved": "https://registry.npmjs.org/esbuild-plugin-wasm/-/esbuild-plugin-wasm-1.0.0.tgz",
      "integrity": "sha512-iXIf3hwfqorExG66/eNr3U8JakIZuge70nMNQtinvxbzdljQ/RjvwaBiGPqF/DvuIumUApbe3zj2kqHLVyc7uQ==",
      "dev": true,
      "engines": {
        "node": ">=0.10.0"
      },
      "funding": {
        "type": "individual",
        "url": "https://ko-fi.com/tschrock"
      }
    },
    "node_modules/esbuild-sunos-64": {
      "version": "0.15.10",
      "resolved": "https://registry.npmjs.org/esbuild-sunos-64/-/esbuild-sunos-64-0.15.10.tgz",
      "integrity": "sha512-mf7hBL9Uo2gcy2r3rUFMjVpTaGpFJJE5QTDDqUFf1632FxteYANffDZmKbqX0PfeQ2XjUDE604IcE7OJeoHiyg==",
      "cpu": [
        "x64"
      ],
      "optional": true,
      "os": [
        "sunos"
      ],
      "engines": {
        "node": ">=12"
      }
    },
    "node_modules/esbuild-windows-32": {
      "version": "0.15.10",
      "resolved": "https://registry.npmjs.org/esbuild-windows-32/-/esbuild-windows-32-0.15.10.tgz",
      "integrity": "sha512-ttFVo+Cg8b5+qHmZHbEc8Vl17kCleHhLzgT8X04y8zudEApo0PxPg9Mz8Z2cKH1bCYlve1XL8LkyXGFjtUYeGg==",
      "cpu": [
        "ia32"
      ],
      "optional": true,
      "os": [
        "win32"
      ],
      "engines": {
        "node": ">=12"
      }
    },
    "node_modules/esbuild-windows-64": {
      "version": "0.15.10",
      "resolved": "https://registry.npmjs.org/esbuild-windows-64/-/esbuild-windows-64-0.15.10.tgz",
      "integrity": "sha512-2H0gdsyHi5x+8lbng3hLbxDWR7mKHWh5BXZGKVG830KUmXOOWFE2YKJ4tHRkejRduOGDrBvHBriYsGtmTv3ntA==",
      "cpu": [
        "x64"
      ],
      "optional": true,
      "os": [
        "win32"
      ],
      "engines": {
        "node": ">=12"
      }
    },
    "node_modules/esbuild-windows-arm64": {
      "version": "0.15.10",
      "resolved": "https://registry.npmjs.org/esbuild-windows-arm64/-/esbuild-windows-arm64-0.15.10.tgz",
      "integrity": "sha512-S+th4F+F8VLsHLR0zrUcG+Et4hx0RKgK1eyHc08kztmLOES8BWwMiaGdoW9hiXuzznXQ0I/Fg904MNbr11Nktw==",
      "cpu": [
        "arm64"
      ],
      "optional": true,
      "os": [
        "win32"
      ],
      "engines": {
        "node": ">=12"
      }
    },
    "node_modules/fs": {
      "version": "0.0.1-security",
      "resolved": "https://registry.npmjs.org/fs/-/fs-0.0.1-security.tgz",
      "integrity": "sha512-3XY9e1pP0CVEUCdj5BmfIZxRBTSDycnbqhIOGec9QYtmVH2fbLpj86CFWkrNOkt/Fvty4KZG5lTglL9j/gJ87w=="
    },
    "node_modules/inherits": {
      "version": "2.0.3",
      "resolved": "https://registry.npmjs.org/inherits/-/inherits-2.0.3.tgz",
      "integrity": "sha512-x00IRNXNy63jwGkJmzPigoySHbaqpNuzKbBOmzK+g2OdZpQ9w+sxCN+VSB3ja7IAge2OP2qpfxTjeNcyjmW1uw=="
    },
    "node_modules/ooz-wasm": {
      "version": "1.0.1",
      "resolved": "https://registry.npmjs.org/ooz-wasm/-/ooz-wasm-1.0.1.tgz",
      "integrity": "sha512-YprakwWwn4flT9NU/ipBw/ajQwq6Z+sdPy3DsuUKSpdXkfFEI8WWaLC/SvzAKacKwyOrbkzR5oKeKYOvM8oRaw=="
    },
    "node_modules/path": {
      "version": "0.12.7",
      "resolved": "https://registry.npmjs.org/path/-/path-0.12.7.tgz",
      "integrity": "sha512-aXXC6s+1w7otVF9UletFkFcDsJeO7lSZBPUQhtb5O0xJe8LtYhj/GxldoL09bBj9+ZmE2hNoHqQSFMN5fikh4Q==",
      "dependencies": {
        "process": "^0.11.1",
        "util": "^0.10.3"
      }
    },
    "node_modules/process": {
      "version": "0.11.10",
      "resolved": "https://registry.npmjs.org/process/-/process-0.11.10.tgz",
      "integrity": "sha512-cdGef/drWFoydD1JsMzuFf8100nZl+GT+yacc2bEced5f9Rjk4z+WtFUTBu9PhOi9j/jfmBPu0mMEY4wIdAF8A==",
      "engines": {
        "node": ">= 0.6.0"
      }
    },
    "node_modules/twgl.js": {
      "version": "5.3.0",
      "resolved": "https://registry.npmjs.org/twgl.js/-/twgl.js-5.3.0.tgz",
      "integrity": "sha512-0L2YOZBe9fyNZ3NtvHS5uqJxPfSXxFJtz2RTryY1TMWy8asg6K52naHNVdYTMPH9IteYYwNiwq/nBHC5iEIBXw=="
    },
    "node_modules/typescript": {
      "version": "4.8.4",
      "resolved": "https://registry.npmjs.org/typescript/-/typescript-4.8.4.tgz",
      "integrity": "sha512-QCh+85mCy+h0IGff8r5XWzOVSbBO+KfeYrMQh7NJ58QujwcE22u+NUSmUxqF+un70P9GXKxa2HCNiTTMJknyjQ==",
      "dev": true,
      "bin": {
        "tsc": "bin/tsc",
        "tsserver": "bin/tsserver"
      },
      "engines": {
        "node": ">=4.2.0"
      }
    },
    "node_modules/util": {
      "version": "0.10.4",
      "resolved": "https://registry.npmjs.org/util/-/util-0.10.4.tgz",
      "integrity": "sha512-0Pm9hTQ3se5ll1XihRic3FDIku70C+iHUdT/W926rSgHV5QgXsYbKZN8MSC3tJtSkhuROzvsQjAaFENRXr+19A==",
      "dependencies": {
        "inherits": "2.0.3"
      }
    }
  },
  "dependencies": {
    "@bokuweb/zstd-wasm": {
      "version": "0.0.17",
      "resolved": "https://registry.npmjs.org/@bokuweb/zstd-wasm/-/zstd-wasm-0.0.17.tgz",
      "integrity": "sha512-Ov4HQePHwgeVMRh5ub9+Rk2+SuzvAgeq7epWxEtzQ8WnzVyh3bZQQsdz32rKpd3HU3M+iRPip2/naIyDPjPZUQ=="
    },
    "@esbuild/android-arm": {
      "version": "0.15.10",
      "resolved": "https://registry.npmjs.org/@esbuild/android-arm/-/android-arm-0.15.10.tgz",
      "integrity": "sha512-FNONeQPy/ox+5NBkcSbYJxoXj9GWu8gVGJTVmUyoOCKQFDTrHVKgNSzChdNt0I8Aj/iKcsDf2r9BFwv+FSNUXg==",
      "optional": true
    },
    "@esbuild/linux-loong64": {
      "version": "0.15.10",
      "resolved": "https://registry.npmjs.org/@esbuild/linux-loong64/-/linux-loong64-0.15.10.tgz",
      "integrity": "sha512-w0Ou3Z83LOYEkwaui2M8VwIp+nLi/NA60lBLMvaJ+vXVMcsARYdEzLNE7RSm4+lSg4zq4d7fAVuzk7PNQ5JFgg==",
      "optional": true
    },
    "@oneidentity/zstd-js": {
      "version": "1.0.2",
      "resolved": "https://registry.npmjs.org/@oneidentity/zstd-js/-/zstd-js-1.0.2.tgz",
      "integrity": "sha512-wfr61n6YIx8jJOqjbJ3CbeJ8JQo7LOHGnJuuruu10SvobuzncKxpRYaI1erQetiUn4fmN7D5m9Zj8aNR6Hl/wA==",
      "requires": {
        "@types/emscripten": "^1.39.4"
      }
    },
    "@types/emscripten": {
      "version": "1.39.6",
      "resolved": "https://registry.npmjs.org/@types/emscripten/-/emscripten-1.39.6.tgz",
      "integrity": "sha512-H90aoynNhhkQP6DRweEjJp5vfUVdIj7tdPLsu7pq89vODD/lcugKfZOsfgwpvM6XUewEp2N5dCg1Uf3Qe55Dcg=="
    },
    "@types/encoding-japanese": {
      "version": "2.0.1",
      "resolved": "https://registry.npmjs.org/@types/encoding-japanese/-/encoding-japanese-2.0.1.tgz",
      "integrity": "sha512-JaCXs2HLniKY8xXeWlg8MAtd4iKhNh8LwutW3yDMWY4usEdTZ2va1x9kd8V3179OAIUTgGQVA63XJrHettpVFQ==",
      "dev": true
    },
    "encoding-japanese": {
      "version": "2.0.0",
      "resolved": "https://registry.npmjs.org/encoding-japanese/-/encoding-japanese-2.0.0.tgz",
      "integrity": "sha512-++P0RhebUC8MJAwJOsT93dT+5oc5oPImp1HubZpAuCZ5kTLnhuuBhKHj2jJeO/Gj93idPBWmIuQ9QWMe5rX3pQ=="
    },
    "esbuild": {
      "version": "0.15.10",
      "resolved": "https://registry.npmjs.org/esbuild/-/esbuild-0.15.10.tgz",
      "integrity": "sha512-N7wBhfJ/E5fzn/SpNgX+oW2RLRjwaL8Y0ezqNqhjD6w0H2p0rDuEz2FKZqpqLnO8DCaWumKe8dsC/ljvVSSxng==",
      "requires": {
        "@esbuild/android-arm": "0.15.10",
        "@esbuild/linux-loong64": "0.15.10",
        "esbuild-android-64": "0.15.10",
        "esbuild-android-arm64": "0.15.10",
        "esbuild-darwin-64": "0.15.10",
        "esbuild-darwin-arm64": "0.15.10",
        "esbuild-freebsd-64": "0.15.10",
        "esbuild-freebsd-arm64": "0.15.10",
        "esbuild-linux-32": "0.15.10",
        "esbuild-linux-64": "0.15.10",
        "esbuild-linux-arm": "0.15.10",
        "esbuild-linux-arm64": "0.15.10",
        "esbuild-linux-mips64le": "0.15.10",
        "esbuild-linux-ppc64le": "0.15.10",
        "esbuild-linux-riscv64": "0.15.10",
        "esbuild-linux-s390x": "0.15.10",
        "esbuild-netbsd-64": "0.15.10",
        "esbuild-openbsd-64": "0.15.10",
        "esbuild-sunos-64": "0.15.10",
        "esbuild-windows-32": "0.15.10",
        "esbuild-windows-64": "0.15.10",
        "esbuild-windows-arm64": "0.15.10"
      }
    },
    "esbuild-android-64": {
      "version": "0.15.10",
      "resolved": "https://registry.npmjs.org/esbuild-android-64/-/esbuild-android-64-0.15.10.tgz",
      "integrity": "sha512-UI7krF8OYO1N7JYTgLT9ML5j4+45ra3amLZKx7LO3lmLt1Ibn8t3aZbX5Pu4BjWiqDuJ3m/hsvhPhK/5Y/YpnA==",
      "optional": true
    },
    "esbuild-android-arm64": {
      "version": "0.15.10",
      "resolved": "https://registry.npmjs.org/esbuild-android-arm64/-/esbuild-android-arm64-0.15.10.tgz",
      "integrity": "sha512-EOt55D6xBk5O05AK8brXUbZmoFj4chM8u3riGflLa6ziEoVvNjRdD7Cnp82NHQGfSHgYR06XsPI8/sMuA/cUwg==",
      "optional": true
    },
    "esbuild-darwin-64": {
      "version": "0.15.10",
      "resolved": "https://registry.npmjs.org/esbuild-darwin-64/-/esbuild-darwin-64-0.15.10.tgz",
      "integrity": "sha512-hbDJugTicqIm+WKZgp208d7FcXcaK8j2c0l+fqSJ3d2AzQAfjEYDRM3Z2oMeqSJ9uFxyj/muSACLdix7oTstRA==",
      "optional": true
    },
    "esbuild-darwin-arm64": {
      "version": "0.15.10",
      "resolved": "https://registry.npmjs.org/esbuild-darwin-arm64/-/esbuild-darwin-arm64-0.15.10.tgz",
      "integrity": "sha512-M1t5+Kj4IgSbYmunf2BB6EKLkWUq+XlqaFRiGOk8bmBapu9bCDrxjf4kUnWn59Dka3I27EiuHBKd1rSO4osLFQ==",
      "optional": true
    },
    "esbuild-freebsd-64": {
      "version": "0.15.10",
      "resolved": "https://registry.npmjs.org/esbuild-freebsd-64/-/esbuild-freebsd-64-0.15.10.tgz",
      "integrity": "sha512-KMBFMa7C8oc97nqDdoZwtDBX7gfpolkk6Bcmj6YFMrtCMVgoU/x2DI1p74DmYl7CSS6Ppa3xgemrLrr5IjIn0w==",
      "optional": true
    },
    "esbuild-freebsd-arm64": {
      "version": "0.15.10",
      "resolved": "https://registry.npmjs.org/esbuild-freebsd-arm64/-/esbuild-freebsd-arm64-0.15.10.tgz",
      "integrity": "sha512-m2KNbuCX13yQqLlbSojFMHpewbn8wW5uDS6DxRpmaZKzyq8Dbsku6hHvh2U+BcLwWY4mpgXzFUoENEf7IcioGg==",
      "optional": true
    },
    "esbuild-linux-32": {
      "version": "0.15.10",
      "resolved": "https://registry.npmjs.org/esbuild-linux-32/-/esbuild-linux-32-0.15.10.tgz",
      "integrity": "sha512-guXrwSYFAvNkuQ39FNeV4sNkNms1bLlA5vF1H0cazZBOLdLFIny6BhT+TUbK/hdByMQhtWQ5jI9VAmPKbVPu1w==",
      "optional": true
    },
    "esbuild-linux-64": {
      "version": "0.15.10",
      "resolved": "https://registry.npmjs.org/esbuild-linux-64/-/esbuild-linux-64-0.15.10.tgz",
      "integrity": "sha512-jd8XfaSJeucMpD63YNMO1JCrdJhckHWcMv6O233bL4l6ogQKQOxBYSRP/XLWP+6kVTu0obXovuckJDcA0DKtQA==",
      "optional": true
    },
    "esbuild-linux-arm": {
      "version": "0.15.10",
      "resolved": "https://registry.npmjs.org/esbuild-linux-arm/-/esbuild-linux-arm-0.15.10.tgz",
      "integrity": "sha512-6N8vThLL/Lysy9y4Ex8XoLQAlbZKUyExCWyayGi2KgTBelKpPgj6RZnUaKri0dHNPGgReJriKVU6+KDGQwn10A==",
      "optional": true
    },
    "esbuild-linux-arm64": {
      "version": "0.15.10",
      "resolved": "https://registry.npmjs.org/esbuild-linux-arm64/-/esbuild-linux-arm64-0.15.10.tgz",
      "integrity": "sha512-GByBi4fgkvZFTHFDYNftu1DQ1GzR23jws0oWyCfhnI7eMOe+wgwWrc78dbNk709Ivdr/evefm2PJiUBMiusS1A==",
      "optional": true
    },
    "esbuild-linux-mips64le": {
      "version": "0.15.10",
      "resolved": "https://registry.npmjs.org/esbuild-linux-mips64le/-/esbuild-linux-mips64le-0.15.10.tgz",
      "integrity": "sha512-BxP+LbaGVGIdQNJUNF7qpYjEGWb0YyHVSKqYKrn+pTwH/SiHUxFyJYSP3pqkku61olQiSBnSmWZ+YUpj78Tw7Q==",
      "optional": true
    },
    "esbuild-linux-ppc64le": {
      "version": "0.15.10",
      "resolved": "https://registry.npmjs.org/esbuild-linux-ppc64le/-/esbuild-linux-ppc64le-0.15.10.tgz",
      "integrity": "sha512-LoSQCd6498PmninNgqd/BR7z3Bsk/mabImBWuQ4wQgmQEeanzWd5BQU2aNi9mBURCLgyheuZS6Xhrw5luw3OkQ==",
      "optional": true
    },
    "esbuild-linux-riscv64": {
      "version": "0.15.10",
      "resolved": "https://registry.npmjs.org/esbuild-linux-riscv64/-/esbuild-linux-riscv64-0.15.10.tgz",
      "integrity": "sha512-Lrl9Cr2YROvPV4wmZ1/g48httE8z/5SCiXIyebiB5N8VT7pX3t6meI7TQVHw/wQpqP/AF4SksDuFImPTM7Z32Q==",
      "optional": true
    },
    "esbuild-linux-s390x": {
      "version": "0.15.10",
      "resolved": "https://registry.npmjs.org/esbuild-linux-s390x/-/esbuild-linux-s390x-0.15.10.tgz",
      "integrity": "sha512-ReP+6q3eLVVP2lpRrvl5EodKX7EZ1bS1/z5j6hsluAlZP5aHhk6ghT6Cq3IANvvDdscMMCB4QEbI+AjtvoOFpA==",
      "optional": true
    },
    "esbuild-netbsd-64": {
      "version": "0.15.10",
      "resolved": "https://registry.npmjs.org/esbuild-netbsd-64/-/esbuild-netbsd-64-0.15.10.tgz",
      "integrity": "sha512-iGDYtJCMCqldMskQ4eIV+QSS/CuT7xyy9i2/FjpKvxAuCzrESZXiA1L64YNj6/afuzfBe9i8m/uDkFHy257hTw==",
      "optional": true
    },
    "esbuild-openbsd-64": {
      "version": "0.15.10",
      "resolved": "https://registry.npmjs.org/esbuild-openbsd-64/-/esbuild-openbsd-64-0.15.10.tgz",
      "integrity": "sha512-ftMMIwHWrnrYnvuJQRJs/Smlcb28F9ICGde/P3FUTCgDDM0N7WA0o9uOR38f5Xe2/OhNCgkjNeb7QeaE3cyWkQ==",
      "optional": true
    },
    "esbuild-plugin-wasm": {
      "version": "1.0.0",
      "resolved": "https://registry.npmjs.org/esbuild-plugin-wasm/-/esbuild-plugin-wasm-1.0.0.tgz",
      "integrity": "sha512-iXIf3hwfqorExG66/eNr3U8JakIZuge70nMNQtinvxbzdljQ/RjvwaBiGPqF/DvuIumUApbe3zj2kqHLVyc7uQ==",
      "dev": true
    },
    "esbuild-sunos-64": {
      "version": "0.15.10",
      "resolved": "https://registry.npmjs.org/esbuild-sunos-64/-/esbuild-sunos-64-0.15.10.tgz",
      "integrity": "sha512-mf7hBL9Uo2gcy2r3rUFMjVpTaGpFJJE5QTDDqUFf1632FxteYANffDZmKbqX0PfeQ2XjUDE604IcE7OJeoHiyg==",
      "optional": true
    },
    "esbuild-windows-32": {
      "version": "0.15.10",
      "resolved": "https://registry.npmjs.org/esbuild-windows-32/-/esbuild-windows-32-0.15.10.tgz",
      "integrity": "sha512-ttFVo+Cg8b5+qHmZHbEc8Vl17kCleHhLzgT8X04y8zudEApo0PxPg9Mz8Z2cKH1bCYlve1XL8LkyXGFjtUYeGg==",
      "optional": true
    },
    "esbuild-windows-64": {
      "version": "0.15.10",
      "resolved": "https://registry.npmjs.org/esbuild-windows-64/-/esbuild-windows-64-0.15.10.tgz",
      "integrity": "sha512-2H0gdsyHi5x+8lbng3hLbxDWR7mKHWh5BXZGKVG830KUmXOOWFE2YKJ4tHRkejRduOGDrBvHBriYsGtmTv3ntA==",
      "optional": true
    },
    "esbuild-windows-arm64": {
      "version": "0.15.10",
      "resolved": "https://registry.npmjs.org/esbuild-windows-arm64/-/esbuild-windows-arm64-0.15.10.tgz",
      "integrity": "sha512-S+th4F+F8VLsHLR0zrUcG+Et4hx0RKgK1eyHc08kztmLOES8BWwMiaGdoW9hiXuzznXQ0I/Fg904MNbr11Nktw==",
      "optional": true
    },
    "fs": {
      "version": "0.0.1-security",
      "resolved": "https://registry.npmjs.org/fs/-/fs-0.0.1-security.tgz",
      "integrity": "sha512-3XY9e1pP0CVEUCdj5BmfIZxRBTSDycnbqhIOGec9QYtmVH2fbLpj86CFWkrNOkt/Fvty4KZG5lTglL9j/gJ87w=="
    },
    "inherits": {
      "version": "2.0.3",
      "resolved": "https://registry.npmjs.org/inherits/-/inherits-2.0.3.tgz",
      "integrity": "sha512-x00IRNXNy63jwGkJmzPigoySHbaqpNuzKbBOmzK+g2OdZpQ9w+sxCN+VSB3ja7IAge2OP2qpfxTjeNcyjmW1uw=="
    },
    "ooz-wasm": {
      "version": "1.0.1",
      "resolved": "https://registry.npmjs.org/ooz-wasm/-/ooz-wasm-1.0.1.tgz",
      "integrity": "sha512-YprakwWwn4flT9NU/ipBw/ajQwq6Z+sdPy3DsuUKSpdXkfFEI8WWaLC/SvzAKacKwyOrbkzR5oKeKYOvM8oRaw=="
    },
    "path": {
      "version": "0.12.7",
      "resolved": "https://registry.npmjs.org/path/-/path-0.12.7.tgz",
      "integrity": "sha512-aXXC6s+1w7otVF9UletFkFcDsJeO7lSZBPUQhtb5O0xJe8LtYhj/GxldoL09bBj9+ZmE2hNoHqQSFMN5fikh4Q==",
      "requires": {
        "process": "^0.11.1",
        "util": "^0.10.3"
      }
    },
    "process": {
      "version": "0.11.10",
      "resolved": "https://registry.npmjs.org/process/-/process-0.11.10.tgz",
      "integrity": "sha512-cdGef/drWFoydD1JsMzuFf8100nZl+GT+yacc2bEced5f9Rjk4z+WtFUTBu9PhOi9j/jfmBPu0mMEY4wIdAF8A=="
    },
    "twgl.js": {
      "version": "5.3.0",
      "resolved": "https://registry.npmjs.org/twgl.js/-/twgl.js-5.3.0.tgz",
      "integrity": "sha512-0L2YOZBe9fyNZ3NtvHS5uqJxPfSXxFJtz2RTryY1TMWy8asg6K52naHNVdYTMPH9IteYYwNiwq/nBHC5iEIBXw=="
    },
    "typescript": {
      "version": "4.8.4",
      "resolved": "https://registry.npmjs.org/typescript/-/typescript-4.8.4.tgz",
      "integrity": "sha512-QCh+85mCy+h0IGff8r5XWzOVSbBO+KfeYrMQh7NJ58QujwcE22u+NUSmUxqF+un70P9GXKxa2HCNiTTMJknyjQ==",
      "dev": true
    },
    "util": {
      "version": "0.10.4",
      "resolved": "https://registry.npmjs.org/util/-/util-0.10.4.tgz",
      "integrity": "sha512-0Pm9hTQ3se5ll1XihRic3FDIku70C+iHUdT/W926rSgHV5QgXsYbKZN8MSC3tJtSkhuROzvsQjAaFENRXr+19A==",
      "requires": {
        "inherits": "2.0.3"
      }
    }
  }
}
